
Microsoft Visual Studio Solution File, Format Version 12.00
# Visual Studio Version 16
VisualStudioVersion = 16.0.29411.108
MinimumVisualStudioVersion = 10.0.40219.1
Project("{FAE04EC0-301F-11D3-BF4B-00C04F79EFBC}") = "Inheritance-Example", "Inheritance-Example.csproj", "{09DE3DE5-7F55-4E50-B31F-69B964213540}"
EndProject
Global
	GlobalSection(SolutionConfigurationPlatforms) = preSolution
		Debug|Any CPU = Debug|Any CPU
		Release|Any CPU = Release|Any CPU
	EndGlobalSection
	GlobalSection(ProjectConfigurationPlatforms) = postSolution
		{09DE3DE5-7F55-4E50-B31F-69B964213540}.Debug|Any CPU.ActiveCfg = Debug|Any CPU
		{09DE3DE5-7F55-4E50-B31F-69B964213540}.Debug|Any CPU.Build.0 = Debug|Any CPU
		{09DE3DE5-7F55-4E50-B31F-69B964213540}.Release|Any CPU.ActiveCfg = Release|Any CPU
		{09DE3DE5-7F55-4E50-B31F-69B964213540}.Release|Any CPU.Build.0 = Release|Any CPU
	EndGlobalSection
	GlobalSection(SolutionProperties) = preSolution
		HideSolutionNode = FALSE
	EndGlobalSection
	GlobalSection(ExtensibilityGlobals) = postSolution
		SolutionGuid = {4C028BE8-9B11-4D43-85F7-A201FDA63621}
	EndGlobalSection
EndGlobal
